// !$*UTF8*$!
{
	archiveVersion = 1;
	classes = {
	};
	objectVersion = 46;
	objects = {

/* Begin PBXBuildFile section */
		6CCFD4C11DC7028B006FC0CC /* AppDelegate.swift in Sources */ = {isa = PBXBuildFile; fileRef = 6CCFD4C01DC7028B006FC0CC /* AppDelegate.swift */; };
		6CCFD4C31DC7028B006FC0CC /* ViewController.swift in Sources */ = {isa = PBXBuildFile; fileRef = 6CCFD4C21DC7028B006FC0CC /* ViewController.swift */; };
		6CCFD4C61DC7028B006FC0CC /* Main.storyboard in Resources */ = {isa = PBXBuildFile; fileRef = 6CCFD4C41DC7028B006FC0CC /* Main.storyboard */; };
		6CCFD4C81DC7028B006FC0CC /* Assets.xcassets in Resources */ = {isa = PBXBuildFile; fileRef = 6CCFD4C71DC7028B006FC0CC /* Assets.xcassets */; };
		6CCFD4CB1DC7028B006FC0CC /* LaunchScreen.storyboard in Resources */ = {isa = PBXBuildFile; fileRef = 6CCFD4C91DC7028B006FC0CC /* LaunchScreen.storyboard */; };
		6CCFD4D61DC7028B006FC0CC /* BaltoDemoTests.swift in Sources */ = {isa = PBXBuildFile; fileRef = 6CCFD4D51DC7028B006FC0CC /* BaltoDemoTests.swift */; };
		6CCFD4E11DC7028B006FC0CC /* BaltoDemoUITests.swift in Sources */ = {isa = PBXBuildFile; fileRef = 6CCFD4E01DC7028B006FC0CC /* BaltoDemoUITests.swift */; };
/* End PBXBuildFile section */

/* Begin PBXContainerItemProxy section */
		6CCFD4D21DC7028B006FC0CC /* PBXContainerItemProxy */ = {
			isa = PBXContainerItemProxy;
			containerPortal = 6CCFD4B51DC7028B006FC0CC /* Project object */;
			proxyType = 1;
			remoteGlobalIDString = 6CCFD4BC1DC7028B006FC0CC;
			remoteInfo = BaltoDemo;
		};
		6CCFD4DD1DC7028B006FC0CC /* PBXContainerItemProxy */ = {
			isa = PBXContainerItemProxy;
			containerPortal = 6CCFD4B51DC7028B006FC0CC /* Project object */;
			proxyType = 1;
			remoteGlobalIDString = 6CCFD4BC1DC7028B006FC0CC;
			remoteInfo = BaltoDemo;
		};
/* End PBXContainerItemProxy section */

/* Begin PBXFileReference section */
		6CCFD4BD1DC7028B006FC0CC /* BaltoDemo.app */ = {isa = PBXFileReference; explicitFileType = wrapper.application; includeInIndex = 0; path = BaltoDemo.app; sourceTree = BUILT_PRODUCTS_DIR; };
		6CCFD4C01DC7028B006FC0CC /* AppDelegate.swift */ = {isa = PBXFileReference; lastKnownFileType = sourcecode.swift; path = AppDelegate.swift; sourceTree = "<group>"; };
		6CCFD4C21DC7028B006FC0CC /* ViewController.swift */ = {isa = PBXFileReference; lastKnownFileType = sourcecode.swift; path = ViewController.swift; sourceTree = "<group>"; };
		6CCFD4C51DC7028B006FC0CC /* Base */ = {isa = PBXFileReference; lastKnownFileType = file.storyboard; name = Base; path = Base.lproj/Main.storyboard; sourceTree = "<group>"; };
		6CCFD4C71DC7028B006FC0CC /* Assets.xcassets */ = {isa = PBXFileReference; lastKnownFileType = folder.assetcatalog; path = Assets.xcassets; sourceTree = "<group>"; };
		6CCFD4CA1DC7028B006FC0CC /* Base */ = {isa = PBXFileReference; lastKnownFileType = file.storyboard; name = Base; path = Base.lproj/LaunchScreen.storyboard; sourceTree = "<group>"; };
		6CCFD4CC1DC7028B006FC0CC /* Info.plist */ = {isa = PBXFileReference; lastKnownFileType = text.plist.xml; path = Info.plist; sourceTree = "<group>"; };
		6CCFD4D11DC7028B006FC0CC /* BaltoDemoTests.xctest */ = {isa = PBXFileReference; explicitFileType = wrapper.cfbundle; includeInIndex = 0; path = BaltoDemoTests.xctest; sourceTree = BUILT_PRODUCTS_DIR; };
		6CCFD4D51DC7028B006FC0CC /* BaltoDemoTests.swift */ = {isa = PBXFileReference; lastKnownFileType = sourcecode.swift; path = BaltoDemoTests.swift; sourceTree = "<group>"; };
		6CCFD4D71DC7028B006FC0CC /* Info.plist */ = {isa = PBXFileReference; lastKnownFileType = text.plist.xml; path = Info.plist; sourceTree = "<group>"; };
		6CCFD4DC1DC7028B006FC0CC /* BaltoDemoUITests.xctest */ = {isa = PBXFileReference; explicitFileType = wrapper.cfbundle; includeInIndex = 0; path = BaltoDemoUITests.xctest; sourceTree = BUILT_PRODUCTS_DIR; };
		6CCFD4E01DC7028B006FC0CC /* BaltoDemoUITests.swift */ = {isa = PBXFileReference; lastKnownFileType = sourcecode.swift; path = BaltoDemoUITests.swift; sourceTree = "<group>"; };
		6CCFD4E21DC7028B006FC0CC /* Info.plist */ = {isa = PBXFileReference; lastKnownFileType = text.plist.xml; path = Info.plist; sourceTree = "<group>"; };
/* End PBXFileReference section */

/* Begin PBXFrameworksBuildPhase section */
		6CCFD4BA1DC7028B006FC0CC /* Frameworks */ = {
			isa = PBXFrameworksBuildPhase;
			buildActionMask = 2147483647;
			files = (
			);
			runOnlyForDeploymentPostprocessing = 0;
		};
		6CCFD4CE1DC7028B006FC0CC /* Frameworks */ = {
			isa = PBXFrameworksBuildPhase;
			buildActionMask = 2147483647;
			files = (
			);
			runOnlyForDeploymentPostprocessing = 0;
		};
		6CCFD4D91DC7028B006FC0CC /* Frameworks */ = {
			isa = PBXFrameworksBuildPhase;
			buildActionMask = 2147483647;
			files = (
			);
			runOnlyForDeploymentPostprocessing = 0;
		};
/* End PBXFrameworksBuildPhase section */

/* Begin PBXGroup section */
		6CCFD4B41DC7028B006FC0CC = {
			isa = PBXGroup;
			children = (
				6CCFD4BF1DC7028B006FC0CC /* BaltoDemo */,
				6CCFD4D41DC7028B006FC0CC /* BaltoDemoTests */,
				6CCFD4DF1DC7028B006FC0CC /* BaltoDemoUITests */,
				6CCFD4BE1DC7028B006FC0CC /* Products */,
			);
			sourceTree = "<group>";
		};
		6CCFD4BE1DC7028B006FC0CC /* Products */ = {
			isa = PBXGroup;
			children = (
				6CCFD4BD1DC7028B006FC0CC /* BaltoDemo.app */,
				6CCFD4D11DC7028B006FC0CC /* BaltoDemoTests.xctest */,
				6CCFD4DC1DC7028B006FC0CC /* BaltoDemoUITests.xctest */,
			);
			name = Products;
			sourceTree = "<group>";
		};
		6CCFD4BF1DC7028B006FC0CC /* BaltoDemo */ = {
			isa = PBXGroup;
			children = (
				6CCFD4C01DC7028B006FC0CC /* AppDelegate.swift */,
				6CCFD4C21DC7028B006FC0CC /* ViewController.swift */,
				6CCFD4C41DC7028B006FC0CC /* Main.storyboard */,
				6CCFD4C71DC7028B006FC0CC /* Assets.xcassets */,
				6CCFD4C91DC7028B006FC0CC /* LaunchScreen.storyboard */,
				6CCFD4CC1DC7028B006FC0CC /* Info.plist */,
			);
			path = BaltoDemo;
			sourceTree = "<group>";
		};
		6CCFD4D41DC7028B006FC0CC /* BaltoDemoTests */ = {
			isa = PBXGroup;
			children = (
				6CCFD4D51DC7028B006FC0CC /* BaltoDemoTests.swift */,
				6CCFD4D71DC7028B006FC0CC /* Info.plist */,
			);
			path = BaltoDemoTests;
			sourceTree = "<group>";
		};
		6CCFD4DF1DC7028B006FC0CC /* BaltoDemoUITests */ = {
			isa = PBXGroup;
			children = (
				6CCFD4E01DC7028B006FC0CC /* BaltoDemoUITests.swift */,
				6CCFD4E21DC7028B006FC0CC /* Info.plist */,
			);
			path = BaltoDemoUITests;
			sourceTree = "<group>";
		};
/* End PBXGroup section */

/* Begin PBXNativeTarget section */
		6CCFD4BC1DC7028B006FC0CC /* BaltoDemo */ = {
			isa = PBXNativeTarget;
			buildConfigurationList = 6CCFD4E51DC7028B006FC0CC /* Build configuration list for PBXNativeTarget "BaltoDemo" */;
			buildPhases = (
				6CCFD4B91DC7028B006FC0CC /* Sources */,
				6CCFD4BA1DC7028B006FC0CC /* Frameworks */,
				6CCFD4BB1DC7028B006FC0CC /* Resources */,
			);
			buildRules = (
			);
			dependencies = (
			);
			name = BaltoDemo;
			productName = BaltoDemo;
			productReference = 6CCFD4BD1DC7028B006FC0CC /* BaltoDemo.app */;
			productType = "com.apple.product-type.application";
		};
		6CCFD4D01DC7028B006FC0CC /* BaltoDemoTests */ = {
			isa = PBXNativeTarget;
			buildConfigurationList = 6CCFD4E81DC7028B006FC0CC /* Build configuration list for PBXNativeTarget "BaltoDemoTests" */;
			buildPhases = (
				6CCFD4CD1DC7028B006FC0CC /* Sources */,
				6CCFD4CE1DC7028B006FC0CC /* Frameworks */,
				6CCFD4CF1DC7028B006FC0CC /* Resources */,
			);
			buildRules = (
			);
			dependencies = (
				6CCFD4D31DC7028B006FC0CC /* PBXTargetDependency */,
			);
			name = BaltoDemoTests;
			productName = BaltoDemoTests;
			productReference = 6CCFD4D11DC7028B006FC0CC /* BaltoDemoTests.xctest */;
			productType = "com.apple.product-type.bundle.unit-test";
		};
		6CCFD4DB1DC7028B006FC0CC /* BaltoDemoUITests */ = {
			isa = PBXNativeTarget;
			buildConfigurationList = 6CCFD4EB1DC7028B006FC0CC /* Build configuration list for PBXNativeTarget "BaltoDemoUITests" */;
			buildPhases = (
				6CCFD4D81DC7028B006FC0CC /* Sources */,
				6CCFD4D91DC7028B006FC0CC /* Frameworks */,
				6CCFD4DA1DC7028B006FC0CC /* Resources */,
			);
			buildRules = (
			);
			dependencies = (
				6CCFD4DE1DC7028B006FC0CC /* PBXTargetDependency */,
			);
			name = BaltoDemoUITests;
			productName = BaltoDemoUITests;
			productReference = 6CCFD4DC1DC7028B006FC0CC /* BaltoDemoUITests.xctest */;
			productType = "com.apple.product-type.bundle.ui-testing";
		};
/* End PBXNativeTarget section */

/* Begin PBXProject section */
		6CCFD4B51DC7028B006FC0CC /* Project object */ = {
			isa = PBXProject;
			attributes = {
				LastSwiftUpdateCheck = 0730;
				LastUpgradeCheck = 0730;
				ORGANIZATIONNAME = Hirose.Yudai;
				TargetAttributes = {
					6CCFD4BC1DC7028B006FC0CC = {
						CreatedOnToolsVersion = 7.3.1;
					};
					6CCFD4D01DC7028B006FC0CC = {
						CreatedOnToolsVersion = 7.3.1;
						TestTargetID = 6CCFD4BC1DC7028B006FC0CC;
					};
					6CCFD4DB1DC7028B006FC0CC = {
						CreatedOnToolsVersion = 7.3.1;
						TestTargetID = 6CCFD4BC1DC7028B006FC0CC;
					};
				};
			};
			buildConfigurationList = 6CCFD4B81DC7028B006FC0CC /* Build configuration list for PBXProject "BaltoDemo" */;
			compatibilityVersion = "Xcode 3.2";
			developmentRegion = English;
			hasScannedForEncodings = 0;
			knownRegions = (
				en,
				Base,
			);
			mainGroup = 6CCFD4B41DC7028B006FC0CC;
			productRefGroup = 6CCFD4BE1DC7028B006FC0CC /* Products */;
			projectDirPath = "";
			projectRoot = "";
			targets = (
				6CCFD4BC1DC7028B006FC0CC /* BaltoDemo */,
				6CCFD4D01DC7028B006FC0CC /* BaltoDemoTests */,
				6CCFD4DB1DC7028B006FC0CC /* BaltoDemoUITests */,
			);
		};
/* End PBXProject section */

/* Begin PBXResourcesBuildPhase section */
		6CCFD4BB1DC7028B006FC0CC /* Resources */ = {
			isa = PBXResourcesBuildPhase;
			buildActionMask = 2147483647;
			files = (
				6CCFD4CB1DC7028B006FC0CC /* LaunchScreen.storyboard in Resources */,
				6CCFD4C81DC7028B006FC0CC /* Assets.xcassets in Resources */,
				6CCFD4C61DC7028B006FC0CC /* Main.storyboard in Resources */,
			);
			runOnlyForDeploymentPostprocessing = 0;
		};
		6CCFD4CF1DC7028B006FC0CC /* Resources */ = {
			isa = PBXResourcesBuildPhase;
			buildActionMask = 2147483647;
			files = (
			);
			runOnlyForDeploymentPostprocessing = 0;
		};
		6CCFD4DA1DC7028B006FC0CC /* Resources */ = {
			isa = PBXResourcesBuildPhase;
			buildActionMask = 2147483647;
			files = (
			);
			runOnlyForDeploymentPostprocessing = 0;
		};
/* End PBXResourcesBuildPhase section */

/* Begin PBXSourcesBuildPhase section */
		6CCFD4B91DC7028B006FC0CC /* Sources */ = {
			isa = PBXSourcesBuildPhase;
			buildActionMask = 2147483647;
			files = (
				6CCFD4C31DC7028B006FC0CC /* ViewController.swift in Sources */,
				6CCFD4C11DC7028B006FC0CC /* AppDelegate.swift in Sources */,
			);
			runOnlyForDeploymentPostprocessing = 0;
		};
		6CCFD4CD1DC7028B006FC0CC /* Sources */ = {
			isa = PBXSourcesBuildPhase;
			buildActionMask = 2147483647;
			files = (
				6CCFD4D61DC7028B006FC0CC /* BaltoDemoTests.swift in Sources */,
			);
			runOnlyForDeploymentPostprocessing = 0;
		};
		6CCFD4D81DC7028B006FC0CC /* Sources */ = {
			isa = PBXSourcesBuildPhase;
			buildActionMask = 2147483647;
			files = (
				6CCFD4E11DC7028B006FC0CC /* BaltoDemoUITests.swift in Sources */,
			);
			runOnlyForDeploymentPostprocessing = 0;
		};
/* End PBXSourcesBuildPhase section */

/* Begin PBXTargetDependency section */
		6CCFD4D31DC7028B006FC0CC /* PBXTargetDependency */ = {
			isa = PBXTargetDependency;
			target = 6CCFD4BC1DC7028B006FC0CC /* BaltoDemo */;
			targetProxy = 6CCFD4D21DC7028B006FC0CC /* PBXContainerItemProxy */;
		};
		6CCFD4DE1DC7028B006FC0CC /* PBXTargetDependency */ = {
			isa = PBXTargetDependency;
			target = 6CCFD4BC1DC7028B006FC0CC /* BaltoDemo */;
			targetProxy = 6CCFD4DD1DC7028B006FC0CC /* PBXContainerItemProxy */;
		};
/* End PBXTargetDependency section */

/* Begin PBXVariantGroup section */
		6CCFD4C41DC7028B006FC0CC /* Main.storyboard */ = {
			isa = PBXVariantGroup;
			children = (
				6CCFD4C51DC7028B006FC0CC /* Base */,
			);
			name = Main.storyboard;
			sourceTree = "<group>";
		};
		6CCFD4C91DC7028B006FC0CC /* LaunchScreen.storyboard */ = {
			isa = PBXVariantGroup;
			children = (
				6CCFD4CA1DC7028B006FC0CC /* Base */,
			);
			name = LaunchScreen.storyboard;
			sourceTree = "<group>";
		};
/* End PBXVariantGroup section */

/* Begin XCBuildConfiguration section */
		6CCFD4E31DC7028B006FC0CC /* Debug */ = {
			isa = XCBuildConfiguration;
			buildSettings = {
				ALWAYS_SEARCH_USER_PATHS = NO;
				CLANG_ANALYZER_NONNULL = YES;
				CLANG_CXX_LANGUAGE_STANDARD = "gnu++0x";
				CLANG_CXX_LIBRARY = "libc++";
				CLANG_ENABLE_MODULES = YES;
				CLANG_ENABLE_OBJC_ARC = YES;
				CLANG_WARN_BOOL_CONVERSION = YES;
				CLANG_WARN_CONSTANT_CONVERSION = YES;
				CLANG_WARN_DIRECT_OBJC_ISA_USAGE = YES_ERROR;
				CLANG_WARN_EMPTY_BODY = YES;
				CLANG_WARN_ENUM_CONVERSION = YES;
				CLANG_WARN_INT_CONVERSION = YES;
				CLANG_WARN_OBJC_ROOT_CLASS = YES_ERROR;
				CLANG_WARN_UNREACHABLE_CODE = YES;
				CLANG_WARN__DUPLICATE_METHOD_MATCH = YES;
				"CODE_SIGN_IDENTITY[sdk=iphoneos*]" = "iPhone Developer";
				COPY_PHASE_STRIP = NO;
				DEBUG_INFORMATION_FORMAT = dwarf;
				ENABLE_STRICT_OBJC_MSGSEND = YES;
				ENABLE_TESTABILITY = YES;
				GCC_C_LANGUAGE_STANDARD = gnu99;
				GCC_DYNAMIC_NO_PIC = NO;
				GCC_NO_COMMON_BLOCKS = YES;
				GCC_OPTIMIZATION_LEVEL = 0;
				GCC_PREPROCESSOR_DEFINITIONS = (
					"DEBUG=1",
					"$(inherited)",
				);
				GCC_WARN_64_TO_32_BIT_CONVERSION = YES;
				GCC_WARN_ABOUT_RETURN_TYPE = YES_ERROR;
				GCC_WARN_UNDECLARED_SELECTOR = YES;
				GCC_WARN_UNINITIALIZED_AUTOS = YES_AGGRESSIVE;
				GCC_WARN_UNUSED_FUNCTION = YES;
				GCC_WARN_UNUSED_VARIABLE = YES;
				IPHONEOS_DEPLOYMENT_TARGET = 9.3;
				MTL_ENABLE_DEBUG_INFO = YES;
				ONLY_ACTIVE_ARCH = YES;
				SDKROOT = iphoneos;
				SWIFT_OPTIMIZATION_LEVEL = "-Onone";
				TARGETED_DEVICE_FAMILY = "1,2";
			};
			name = Debug;
		};
		6CCFD4E41DC7028B006FC0CC /* Release */ = {
			isa = XCBuildConfiguration;
			buildSettings = {
				ALWAYS_SEARCH_USER_PATHS = NO;
				CLANG_ANALYZER_NONNULL = YES;
				CLANG_CXX_LANGUAGE_STANDARD = "gnu++0x";
				CLANG_CXX_LIBRARY = "libc++";
				CLANG_ENABLE_MODULES = YES;
				CLANG_ENABLE_OBJC_ARC = YES;
				CLANG_WARN_BOOL_CONVERSION = YES;
				CLANG_WARN_CONSTANT_CONVERSION = YES;
				CLANG_WARN_DIRECT_OBJC_ISA_USAGE = YES_ERROR;
				CLANG_WARN_EMPTY_BODY = YES;
				CLANG_WARN_ENUM_CONVERSION = YES;
				CLANG_WARN_INT_CONVERSION = YES;
				CLANG_WARN_OBJC_ROOT_CLASS = YES_ERROR;
				CLANG_WARN_UNREACHABLE_CODE = YES;
				CLANG_WARN__DUPLICATE_METHOD_MATCH = YES;
				"CODE_SIGN_IDENTITY[sdk=iphoneos*]" = "iPhone Developer";
				COPY_PHASE_STRIP = NO;
				DEBUG_INFORMATION_FORMAT = "dwarf-with-dsym";
				ENABLE_NS_ASSERTIONS = NO;
				ENABLE_STRICT_OBJC_MSGSEND = YES;
				GCC_C_LANGUAGE_STANDARD = gnu99;
				GCC_NO_COMMON_BLOCKS = YES;
				GCC_WARN_64_TO_32_BIT_CONVERSION = YES;
				GCC_WARN_ABOUT_RETURN_TYPE = YES_ERROR;
				GCC_WARN_UNDECLARED_SELECTOR = YES;
				GCC_WARN_UNINITIALIZED_AUTOS = YES_AGGRESSIVE;
				GCC_WARN_UNUSED_FUNCTION = YES;
				GCC_WARN_UNUSED_VARIABLE = YES;
				IPHONEOS_DEPLOYMENT_TARGET = 9.3;
				MTL_ENABLE_DEBUG_INFO = NO;
				SDKROOT = iphoneos;
				TARGETED_DEVICE_FAMILY = "1,2";
				VALIDATE_PRODUCT = YES;
			};
			name = Release;
		};
		6CCFD4E61DC7028B006FC0CC /* Debug */ = {
			isa = XCBuildConfiguration;
			buildSettings = {
				ASSETCATALOG_COMPILER_APPICON_NAME = AppIcon;
				INFOPLIST_FILE = BaltoDemo/Info.plist;
				LD_RUNPATH_SEARCH_PATHS = "$(inherited) @executable_path/Frameworks";
				PRODUCT_BUNDLE_IDENTIFIER = com.owata.BaltoDemo;
				PRODUCT_NAME = "$(TARGET_NAME)";
			};
			name = Debug;
		};
		6CCFD4E71DC7028B006FC0CC /* Release */ = {
			isa = XCBuildConfiguration;
			buildSettings = {
				ASSETCATALOG_COMPILER_APPICON_NAME = AppIcon;
				INFOPLIST_FILE = BaltoDemo/Info.plist;
				LD_RUNPATH_SEARCH_PATHS = "$(inherited) @executable_path/Frameworks";
				PRODUCT_BUNDLE_IDENTIFIER = com.owata.BaltoDemo;
				PRODUCT_NAME = "$(TARGET_NAME)";
			};
			name = Release;
		};
		6CCFD4E91DC7028B006FC0CC /* Debug */ = {
			isa = XCBuildConfiguration;
			buildSettings = {
				BUNDLE_LOADER = "$(TEST_HOST)";
				INFOPLIST_FILE = BaltoDemoTests/Info.plist;
				LD_RUNPATH_SEARCH_PATHS = "$(inherited) @executable_path/Frameworks @loader_path/Frameworks";
				PRODUCT_BUNDLE_IDENTIFIER = com.owata.BaltoDemoTests;
				PRODUCT_NAME = "$(TARGET_NAME)";
				TEST_HOST = "$(BUILT_PRODUCTS_DIR)/BaltoDemo.app/BaltoDemo";
			};
			name = Debug;
		};
		6CCFD4EA1DC7028B006FC0CC /* Release */ = {
			isa = XCBuildConfiguration;
			buildSettings = {
				BUNDLE_LOADER = "$(TEST_HOST)";
				INFOPLIST_FILE = BaltoDemoTests/Info.plist;
				LD_RUNPATH_SEARCH_PATHS = "$(inherited) @executable_path/Frameworks @loader_path/Frameworks";
				PRODUCT_BUNDLE_IDENTIFIER = com.owata.BaltoDemoTests;
				PRODUCT_NAME = "$(TARGET_NAME)";
				TEST_HOST = "$(BUILT_PRODUCTS_DIR)/BaltoDemo.app/BaltoDemo";
			};
			name = Release;
		};
		6CCFD4EC1DC7028B006FC0CC /* Debug */ = {
			isa = XCBuildConfiguration;
			buildSettings = {
				INFOPLIST_FILE = BaltoDemoUITests/Info.plist;
				LD_RUNPATH_SEARCH_PATHS = "$(inherited) @executable_path/Frameworks @loader_path/Frameworks";
				PRODUCT_BUNDLE_IDENTIFIER = com.owata.BaltoDemoUITests;
				PRODUCT_NAME = "$(TARGET_NAME)";
				TEST_TARGET_NAME = BaltoDemo;
			};
			name = Debug;
		};
		6CCFD4ED1DC7028B006FC0CC /* Release */ = {
			isa = XCBuildConfiguration;
			buildSettings = {
				INFOPLIST_FILE = BaltoDemoUITests/Info.plist;
				LD_RUNPATH_SEARCH_PATHS = "$(inherited) @executable_path/Frameworks @loader_path/Frameworks";
				PRODUCT_BUNDLE_IDENTIFIER = com.owata.BaltoDemoUITests;
				PRODUCT_NAME = "$(TARGET_NAME)";
				TEST_TARGET_NAME = BaltoDemo;
			};
			name = Release;
		};
/* End XCBuildConfiguration section */

/* Begin XCConfigurationList section */
		6CCFD4B81DC7028B006FC0CC /* Build configuration list for PBXProject "BaltoDemo" */ = {
			isa = XCConfigurationList;
			buildConfigurations = (
				6CCFD4E31DC7028B006FC0CC /* Debug */,
				6CCFD4E41DC7028B006FC0CC /* Release */,
			);
			defaultConfigurationIsVisible = 0;
			defaultConfigurationName = Release;
		};
		6CCFD4E51DC7028B006FC0CC /* Build configuration list for PBXNativeTarget "BaltoDemo" */ = {
			isa = XCConfigurationList;
			buildConfigurations = (
				6CCFD4E61DC7028B006FC0CC /* Debug */,
				6CCFD4E71DC7028B006FC0CC /* Release */,
			);
			defaultConfigurationIsVisible = 0;
		};
		6CCFD4E81DC7028B006FC0CC /* Build configuration list for PBXNativeTarget "BaltoDemoTests" */ = {
			isa = XCConfigurationList;
			buildConfigurations = (
				6CCFD4E91DC7028B006FC0CC /* Debug */,
				6CCFD4EA1DC7028B006FC0CC /* Release */,
			);
			defaultConfigurationIsVisible = 0;
		};
		6CCFD4EB1DC7028B006FC0CC /* Build configuration list for PBXNativeTarget "BaltoDemoUITests" */ = {
			isa = XCConfigurationList;
			buildConfigurations = (
				6CCFD4EC1DC7028B006FC0CC /* Debug */,
				6CCFD4ED1DC7028B006FC0CC /* Release */,
			);
			defaultConfigurationIsVisible = 0;
		};
/* End XCConfigurationList section */
	};
	rootObject = 6CCFD4B51DC7028B006FC0CC /* Project object */;
}
